<?xml version="1.0" encoding="utf-8"?>
<Project ToolsVersion="4.0" xmlns="http://schemas.microsoft.com/developer/msbuild/2003">
  <ItemGroup>
    <Filter Include="Main">
      <UniqueIdentifier>{e8dccf15-3bdd-4854-8dd2-f0ba5d770abc}</UniqueIdentifier>
    </Filter>
    <Filter Include="Utils">
      <UniqueIdentifier>{37e6aaa6-0769-426b-aa67-d42e60cd791c}</UniqueIdentifier>
    </Filter>
    <Filter Include="GameContents">
      <UniqueIdentifier>{92b261c4-ad56-4a55-be68-a762209f1b16}</UniqueIdentifier>
    </Filter>
    <Filter Include="GameContents\Room">
      <UniqueIdentifier>{6790f696-2c47-4e58-81ea-1aedee46760a}</UniqueIdentifier>
    </Filter>
    <Filter Include="GameContents\Manager">
      <UniqueIdentifier>{8dde1c51-9584-4944-91cb-bee9bd9027a3}</UniqueIdentifier>
    </Filter>
    <Filter Include="GameContents\Object">
      <UniqueIdentifier>{839d6756-c0db-4b47-ba93-9d3d5e4e1eb0}</UniqueIdentifier>
    </Filter>
    <Filter Include="GameContents\Object\Player">
      <UniqueIdentifier>{4d34dfd4-2d25-4ac5-b56c-f2831f5af731}</UniqueIdentifier>
    </Filter>
    <Filter Include="GameContents\Object\Minion">
      <UniqueIdentifier>{60ca01e9-d9f7-4a25-9727-b76b171099dd}</UniqueIdentifier>
    </Filter>
    <Filter Include="GameContents\Object\Projectile">
      <UniqueIdentifier>{3f4bd9e9-448d-430c-b19e-d54a6bbaf34d}</UniqueIdentifier>
    </Filter>
    <Filter Include="GameContents\Object\Nexus">
      <UniqueIdentifier>{7916ec43-09ca-4e08-881f-a6d70b7132ee}</UniqueIdentifier>
    </Filter>
    <Filter Include="GameContents\Object\Inhibitor">
      <UniqueIdentifier>{49b4abfb-3c60-4945-bbde-3f47b8ab511a}</UniqueIdentifier>
    </Filter>
    <Filter Include="GameContents\Object\Turret">
      <UniqueIdentifier>{8a46b5a8-9068-4a3c-b9f9-9df53a58f703}</UniqueIdentifier>
    </Filter>
  </ItemGroup>
  <ItemGroup>
    <ClCompile Include="GameServer.cpp">
      <Filter>Main</Filter>
    </ClCompile>
    <ClCompile Include="pch.cpp">
      <Filter>Utils</Filter>
    </ClCompile>
    <ClCompile Include="GameSession.cpp">
      <Filter>Main</Filter>
    </ClCompile>
    <ClCompile Include="GameSessionManager.cpp">
      <Filter>Main</Filter>
    </ClCompile>
    <ClCompile Include="ClientPacketHandler.cpp">
      <Filter>Main</Filter>
    </ClCompile>
    <ClCompile Include="Room.cpp">
      <Filter>GameContents\Room</Filter>
    </ClCompile>
    <ClCompile Include="Player.cpp">
      <Filter>GameContents\Object\Player</Filter>
    </ClCompile>
    <ClCompile Include="PlayerManager.cpp">
      <Filter>GameContents\Manager</Filter>
    </ClCompile>
    <ClCompile Include="RoomManager.cpp">
      <Filter>GameContents\Manager</Filter>
    </ClCompile>
    <ClCompile Include="ServerFunc.cpp">
      <Filter>Main</Filter>
    </ClCompile>
    <ClCompile Include="Object.cpp">
      <Filter>GameContents\Object</Filter>
    </ClCompile>
    <ClCompile Include="Minion.cpp">
      <Filter>GameContents\Object\Minion</Filter>
    </ClCompile>
    <ClCompile Include="Projectile.cpp">
      <Filter>GameContents\Object\Projectile</Filter>
    </ClCompile>
    <ClCompile Include="Nexus.cpp">
      <Filter>GameContents\Object\Nexus</Filter>
    </ClCompile>
    <ClCompile Include="Inhibitor.cpp">
      <Filter>GameContents\Object\Inhibitor</Filter>
    </ClCompile>
    <ClCompile Include="Turret.cpp">
      <Filter>GameContents\Object\Turret</Filter>
    </ClCompile>
  </ItemGroup>
  <ItemGroup>
    <ClInclude Include="pch.h">
      <Filter>Utils</Filter>
    </ClInclude>
    <ClInclude Include="GameSessionManager.h">
      <Filter>Main</Filter>
    </ClInclude>
    <ClInclude Include="GameSession.h">
      <Filter>Main</Filter>
    </ClInclude>
    <ClInclude Include="ClientPacketHandler.h">
      <Filter>Main</Filter>
    </ClInclude>
    <ClInclude Include="Room.h">
      <Filter>GameContents\Room</Filter>
    </ClInclude>
    <ClInclude Include="Player.h">
      <Filter>GameContents\Object\Player</Filter>
    </ClInclude>
    <ClInclude Include="PlayerManager.h">
      <Filter>GameContents\Manager</Filter>
    </ClInclude>
    <ClInclude Include="RoomManager.h">
      <Filter>GameContents\Manager</Filter>
    </ClInclude>
    <ClInclude Include="ServerFunc.h">
      <Filter>Main</Filter>
    </ClInclude>
    <ClInclude Include="Object.h">
      <Filter>GameContents\Object</Filter>
    </ClInclude>
    <ClInclude Include="Minion.h">
      <Filter>GameContents\Object\Minion</Filter>
    </ClInclude>
    <ClInclude Include="Projectile.h">
      <Filter>GameContents\Object\Projectile</Filter>
    </ClInclude>
    <ClInclude Include="Nexus.h">
      <Filter>GameContents\Object\Nexus</Filter>
    </ClInclude>
    <ClInclude Include="Inhibitor.h">
      <Filter>GameContents\Object\Inhibitor</Filter>
    </ClInclude>
    <ClInclude Include="Turret.h">
      <Filter>GameContents\Object\Turret</Filter>
    </ClInclude>
  </ItemGroup>
</Project>